
Microsoft Visual Studio Solution File, Format Version 12.00
# Visual Studio 2012
Project("{FAE04EC0-301F-11D3-BF4B-00C04F79EFBC}") = "DataBaseBackup", "DataBaseBackup\DataBaseBackup.csproj", "{EE593DE9-28E0-4E6D-BB6D-55BBB0ABEB06}"
EndProject
Global
	GlobalSection(SolutionConfigurationPlatforms) = preSolution
		Debug|Any CPU = Debug|Any CPU
		Release|Any CPU = Release|Any CPU
	EndGlobalSection
	GlobalSection(ProjectConfigurationPlatforms) = postSolution
		{EE593DE9-28E0-4E6D-BB6D-55BBB0ABEB06}.Debug|Any CPU.ActiveCfg = Debug|Any CPU
		{EE593DE9-28E0-4E6D-BB6D-55BBB0ABEB06}.Debug|Any CPU.Build.0 = Debug|Any CPU
		{EE593DE9-28E0-4E6D-BB6D-55BBB0ABEB06}.Release|Any CPU.ActiveCfg = Release|Any CPU
		{EE593DE9-28E0-4E6D-BB6D-55BBB0ABEB06}.Release|Any CPU.Build.0 = Release|Any CPU
	EndGlobalSection
	GlobalSection(SolutionProperties) = preSolution
		HideSolutionNode = FALSE
	EndGlobalSection
EndGlobal
